# This file is automatically @generated by Poetry 2.1.3 and should not be changed by hand.

[[package]]
name = "narwhals"
version = "1.29.1"
description = "Extremely lightweight compatibility layer between dataframe libraries"
optional = false
python-versions = ">=3.8"
groups = ["main"]
files = [
    {file = "narwhals-1.29.1-py3-none-any.whl", hash = "sha256:2f68cfbb2562672c4dfa54f158ed8c2828e9920ef784981cd9114e419c444216"},
    {file = "narwhals-1.29.1.tar.gz", hash = "sha256:c408acf09e90c116f247cf34f24a3a89d147e3e235b1d3c708cfd1960baf320a"},
]

[package.extras]
core = ["duckdb", "pandas", "polars", "pyarrow", "pyarrow-stubs"]
cudf = ["cudf (>=24.10.0)"]
dask = ["dask[dataframe] (>=2024.8)"]
dev = ["covdefaults", "hypothesis", "mypy (>=1.15.0,<1.16.0)", "pandas-stubs", "pre-commit", "pyright", "pytest", "pytest-cov", "pytest-env", "pytest-randomly", "typing-extensions"]
docs = ["black", "duckdb", "jinja2", "markdown-exec[ansi]", "mkdocs", "mkdocs-autorefs", "mkdocs-material", "mkdocstrings-python (>=1.16)", "mkdocstrings[python]", "pandas", "polars (>=1.0.0)", "pyarrow"]
duckdb = ["duckdb (>=1.0)"]
extra = ["scikit-learn"]
ibis = ["ibis-framework (>=6.0.0)", "packaging", "pyarrow-hotfix", "rich"]
modin = ["modin"]
pandas = ["pandas (>=0.25.3)"]
polars = ["polars (>=0.20.3)"]
pyarrow = ["pyarrow (>=11.0.0)"]
pyspark = ["pyspark (>=3.5.0)"]
sqlframe = ["sqlframe (>=3.22.0)"]
tests = ["covdefaults", "hypothesis", "pytest", "pytest-cov", "pytest-env", "pytest-randomly", "typing-extensions"]
typing = ["mypy (>=1.15.0,<1.16.0)", "pandas-stubs", "pyright", "typing-extensions"]

[[package]]
name = "packaging"
version = "24.2"
description = "Core utilities for Python packages"
optional = false
python-versions = ">=3.8"
groups = ["main"]
files = [
    {file = "packaging-24.2-py3-none-any.whl", hash = "sha256:09abb1bccd265c01f4a3aa3f7a7db064b36514d2cba19a2f694fe6150451a759"},
    {file = "packaging-24.2.tar.gz", hash = "sha256:c228a6dc5e932d346bc5739379109d49e8853dd8223571c7c5b55260edc0b97f"},
]

[[package]]
name = "plotly"
version = "6.0.0"
description = "An open-source, interactive data visualization library for Python"
optional = false
python-versions = ">=3.8"
groups = ["main"]
files = [
    {file = "plotly-6.0.0-py3-none-any.whl", hash = "sha256:f708871c3a9349a68791ff943a5781b1ec04de7769ea69068adcd9202e57653a"},
    {file = "plotly-6.0.0.tar.gz", hash = "sha256:c4aad38b8c3d65e4a5e7dd308b084143b9025c2cc9d5317fc1f1d30958db87d3"},
]

[package.dependencies]
narwhals = ">=1.15.1"
packaging = "*"

[package.extras]
express = ["numpy"]

[metadata]
lock-version = "2.1"
python-versions = "^3.11"
content-hash = "2f5865368c597f98c931e627bdec6d579440fd535ce459ee9e46d69c35bc02d5"
